
Microsoft Visual Studio Solution File, Format Version 12.00
# Visual Studio Version 17
VisualStudioVersion = 17.6.33723.286
MinimumVisualStudioVersion = 10.0.40219.1
Project("{FAE04EC0-301F-11D3-BF4B-00C04F79EFBC}") = "Constructor", "Constructor.csproj", "{727C774D-167F-45F7-98B1-5230635B0301}"
EndProject
Project("{FAE04EC0-301F-11D3-BF4B-00C04F79EFBC}") = "Access Specifiers", "..\Access Specifiers\Access Specifiers.csproj", "{5A4D15D6-363F-4F98-B33C-A57F41C6AB3D}"
EndProject
Project("{FAE04EC0-301F-11D3-BF4B-00C04F79EFBC}") = "Access Specifier 2", "..\Access Specifier 2\Access Specifier 2.csproj", "{7A10FA7C-9EEC-4EF0-AE96-5B5641E85BBF}"
EndProject
Global
	GlobalSection(SolutionConfigurationPlatforms) = preSolution
		Debug|Any CPU = Debug|Any CPU
		Release|Any CPU = Release|Any CPU
	EndGlobalSection
	GlobalSection(ProjectConfigurationPlatforms) = postSolution
		{727C774D-167F-45F7-98B1-5230635B0301}.Debug|Any CPU.ActiveCfg = Debug|Any CPU
		{727C774D-167F-45F7-98B1-5230635B0301}.Debug|Any CPU.Build.0 = Debug|Any CPU
		{727C774D-167F-45F7-98B1-5230635B0301}.Release|Any CPU.ActiveCfg = Release|Any CPU
		{727C774D-167F-45F7-98B1-5230635B0301}.Release|Any CPU.Build.0 = Release|Any CPU
		{5A4D15D6-363F-4F98-B33C-A57F41C6AB3D}.Debug|Any CPU.ActiveCfg = Debug|Any CPU
		{5A4D15D6-363F-4F98-B33C-A57F41C6AB3D}.Debug|Any CPU.Build.0 = Debug|Any CPU
		{5A4D15D6-363F-4F98-B33C-A57F41C6AB3D}.Release|Any CPU.ActiveCfg = Release|Any CPU
		{5A4D15D6-363F-4F98-B33C-A57F41C6AB3D}.Release|Any CPU.Build.0 = Release|Any CPU
		{7A10FA7C-9EEC-4EF0-AE96-5B5641E85BBF}.Debug|Any CPU.ActiveCfg = Debug|Any CPU
		{7A10FA7C-9EEC-4EF0-AE96-5B5641E85BBF}.Debug|Any CPU.Build.0 = Debug|Any CPU
		{7A10FA7C-9EEC-4EF0-AE96-5B5641E85BBF}.Release|Any CPU.ActiveCfg = Release|Any CPU
		{7A10FA7C-9EEC-4EF0-AE96-5B5641E85BBF}.Release|Any CPU.Build.0 = Release|Any CPU
	EndGlobalSection
	GlobalSection(SolutionProperties) = preSolution
		HideSolutionNode = FALSE
	EndGlobalSection
	GlobalSection(ExtensibilityGlobals) = postSolution
		SolutionGuid = {1C28FB5F-9826-45E3-B274-75C2F069B546}
	EndGlobalSection
EndGlobal
